
Microsoft Visual Studio Solution File, Format Version 12.00
# Visual Studio Version 16
VisualStudioVersion = 16.0.30128.74
MinimumVisualStudioVersion = 10.0.40219.1
Project("{FAE04EC0-301F-11D3-BF4B-00C04F79EFBC}") = "WebServiceRafael", "WebServiceRafael\WebServiceRafael.csproj", "{A27946E9-F54A-494E-9444-6E05164126BA}"
EndProject
Global
	GlobalSection(SolutionConfigurationPlatforms) = preSolution
		Debug|Any CPU = Debug|Any CPU
		Release|Any CPU = Release|Any CPU
	EndGlobalSection
	GlobalSection(ProjectConfigurationPlatforms) = postSolution
		{A27946E9-F54A-494E-9444-6E05164126BA}.Debug|Any CPU.ActiveCfg = Debug|Any CPU
		{A27946E9-F54A-494E-9444-6E05164126BA}.Debug|Any CPU.Build.0 = Debug|Any CPU
		{A27946E9-F54A-494E-9444-6E05164126BA}.Release|Any CPU.ActiveCfg = Release|Any CPU
		{A27946E9-F54A-494E-9444-6E05164126BA}.Release|Any CPU.Build.0 = Release|Any CPU
	EndGlobalSection
	GlobalSection(SolutionProperties) = preSolution
		HideSolutionNode = FALSE
	EndGlobalSection
	GlobalSection(ExtensibilityGlobals) = postSolution
		SolutionGuid = {DD50C716-8896-4299-9E21-9D807B2B922F}
	EndGlobalSection
EndGlobal
